
Microsoft Visual Studio Solution File, Format Version 12.00
# Visual Studio Version 17
VisualStudioVersion = 17.6.33815.320
MinimumVisualStudioVersion = 10.0.40219.1
Project("{2150E333-8FDC-42A3-9474-1A3956D46DE8}") = "1 - Design Patterns de Criação", "1 - Design Patterns de Criação", "{A1CBBCD2-E331-448D-802B-080D0DB41061}"
EndProject
Project("{FAE04EC0-301F-11D3-BF4B-00C04F79EFBC}") = "Singleton", "Singleton\Singleton.csproj", "{9FCCE0C2-FF2E-4956-A87C-9816035ECDC5}"
EndProject
Project("{2150E333-8FDC-42A3-9474-1A3956D46DE8}") = "2 - Design Patterns Estrutural", "2 - Design Patterns Estrutural", "{5BFC6CBD-2B39-45E0-A802-9FF77C0F9A24}"
EndProject
Project("{FAE04EC0-301F-11D3-BF4B-00C04F79EFBC}") = "Facade", "Facade\Facade.csproj", "{496454BC-BED2-477E-B85E-8FC23F293FAF}"
EndProject
Project("{2150E333-8FDC-42A3-9474-1A3956D46DE8}") = "3 - Design Patterns Comportamental", "3 - Design Patterns Comportamental", "{D6D40CED-3D3C-4CA5-98C7-E1772784D0FB}"
EndProject
Project("{FAE04EC0-301F-11D3-BF4B-00C04F79EFBC}") = "Mediator", "Mediator\Mediator.csproj", "{BDB1A277-B373-4D28-AB3A-C930069012F4}"
EndProject
Global
	GlobalSection(SolutionConfigurationPlatforms) = preSolution
		Debug|Any CPU = Debug|Any CPU
		Release|Any CPU = Release|Any CPU
	EndGlobalSection
	GlobalSection(ProjectConfigurationPlatforms) = postSolution
		{9FCCE0C2-FF2E-4956-A87C-9816035ECDC5}.Debug|Any CPU.ActiveCfg = Debug|Any CPU
		{9FCCE0C2-FF2E-4956-A87C-9816035ECDC5}.Debug|Any CPU.Build.0 = Debug|Any CPU
		{9FCCE0C2-FF2E-4956-A87C-9816035ECDC5}.Release|Any CPU.ActiveCfg = Release|Any CPU
		{9FCCE0C2-FF2E-4956-A87C-9816035ECDC5}.Release|Any CPU.Build.0 = Release|Any CPU
		{496454BC-BED2-477E-B85E-8FC23F293FAF}.Debug|Any CPU.ActiveCfg = Debug|Any CPU
		{496454BC-BED2-477E-B85E-8FC23F293FAF}.Debug|Any CPU.Build.0 = Debug|Any CPU
		{496454BC-BED2-477E-B85E-8FC23F293FAF}.Release|Any CPU.ActiveCfg = Release|Any CPU
		{496454BC-BED2-477E-B85E-8FC23F293FAF}.Release|Any CPU.Build.0 = Release|Any CPU
		{BDB1A277-B373-4D28-AB3A-C930069012F4}.Debug|Any CPU.ActiveCfg = Debug|Any CPU
		{BDB1A277-B373-4D28-AB3A-C930069012F4}.Debug|Any CPU.Build.0 = Debug|Any CPU
		{BDB1A277-B373-4D28-AB3A-C930069012F4}.Release|Any CPU.ActiveCfg = Release|Any CPU
		{BDB1A277-B373-4D28-AB3A-C930069012F4}.Release|Any CPU.Build.0 = Release|Any CPU
	EndGlobalSection
	GlobalSection(SolutionProperties) = preSolution
		HideSolutionNode = FALSE
	EndGlobalSection
	GlobalSection(NestedProjects) = preSolution
		{9FCCE0C2-FF2E-4956-A87C-9816035ECDC5} = {A1CBBCD2-E331-448D-802B-080D0DB41061}
		{496454BC-BED2-477E-B85E-8FC23F293FAF} = {5BFC6CBD-2B39-45E0-A802-9FF77C0F9A24}
		{BDB1A277-B373-4D28-AB3A-C930069012F4} = {D6D40CED-3D3C-4CA5-98C7-E1772784D0FB}
	EndGlobalSection
	GlobalSection(ExtensibilityGlobals) = postSolution
		SolutionGuid = {9553667E-2C9C-445C-9EEF-581116407154}
	EndGlobalSection
EndGlobal
